SITE
  remote: http://community.opscode.com/api/v1
  specs:
    build-essential (1.3.4)
    chef-client (2.2.2)
      cron (>= 0.0.0)
    cron (1.2.2)
    runit (1.1.2)
      build-essential (>= 0.0.0)
      yum (>= 0.0.0)
    yum (2.2.0)

GIT
  remote: git://github.com/opscode-cookbooks/ntp.git
  ref: master
  sha: 9b8c32f7187fa54dc190d93db5c3f737055155ba
  specs:
    ntp (1.3.2)

GIT
  remote: git://github.com/opscode-cookbooks/ohai.git
  ref: master
  sha: 631fcc820949f5cbf3db45437fb895e5e1856e97
  specs:
    ohai (1.1.8)

DEPENDENCIES
  chef-client (>= 0)
  ntp (= 1.3.2)
  ohai (= 1.1.8)
  runit (>= 0)
  yum (= 2.2.0)

