SITE
  remote: http://community.opscode.com/api/v1
  specs:
    apt (1.9.2)
    chef_gem (0.1.0)
    chef_handler (1.1.4)
    cron (1.2.2)
    dmg (1.1.0)
    iptables (0.12.0)
    windows (1.8.8)
      chef_handler (>= 0.0.0)

GIT
  remote: git://github.com/cookbooks/htop.git
  ref: master
  sha: 0562626a54bbe4b2fd926521c207a9d22755f0fb
  specs:
    htop (0.1.0)

GIT
  remote: git://github.com/cookbooks/hw-redis.git
  ref: master
  sha: 09d6e89f0f3fab876812aabdf2b8e183a44ee4b3
  specs:
    redis (1.0.4)
      build-essential (>= 0.0.0)
      runit (>= 0.0.0)
      yum (>= 0.0.0)

GIT
  remote: git://github.com/federate/opensips.git
  ref: master
  sha: 5c3e86da59b41414c3e5d80b3ac21a83c0856331
  specs:
    opensips (0.1.1)
      build-essential (>= 0.0.0)
      ohai (>= 0.0.0)
      yum (>= 0.0.0)

GIT
  remote: git://github.com/fnichol/chef-rvm.git
  ref: master
  sha: 08a06bc7c3c9fd0fb6b3a9b80f27bd74e109660c
  specs:
    rvm (0.9.1)
      chef_gem (>= 0.0.0)

GIT
  remote: git://github.com/mdxp/nodejs-cookbook.git
  ref: master
  sha: 68a59d8be621611bf3ca1f1a1b81937dbfff4c5d
  specs:
    nodejs (1.1.2)
      apt (>= 0.0.0)
      build-essential (>= 0.0.0)

GIT
  remote: git://github.com/opscode-cookbooks/build-essential.git
  ref: master
  sha: 06ca4f0b51244a2993c70796564042f2dfa9231f
  specs:
    build-essential (1.3.4)

GIT
  remote: git://github.com/opscode-cookbooks/chef-client.git
  ref: master
  sha: fc64209728b8d21e92a13618a4d4367929ffd104
  specs:
    chef-client (2.2.3)
      cron (>= 0.0.0)

GIT
  remote: git://github.com/opscode-cookbooks/git.git
  ref: 2.3.0
  sha: 638db7f1bf60d36b27dacbe136eadd99111157a5
  specs:
    git (2.3.0)
      build-essential (>= 0.0.0)
      dmg (>= 0.0.0)
      runit (~> 1.0)
      windows (>= 0.0.0)
      yum (>= 0.0.0)

GIT
  remote: git://github.com/opscode-cookbooks/java.git
  ref: master
  sha: 131be5147c9ebfbef080553fab708ba94e674ad3
  specs:
    java (1.10.0)
      windows (>= 0.0.0)

GIT
  remote: git://github.com/opscode-cookbooks/lvm.git
  ref: 0.8.6
  sha: b4252dc1f2f4b998076fc2bdea3b08c6bad7a1b9
  specs:
    lvm (0.8.6)

GIT
  remote: git://github.com/opscode-cookbooks/ntp.git
  ref: master
  sha: 9b8c32f7187fa54dc190d93db5c3f737055155ba
  specs:
    ntp (1.3.2)

GIT
  remote: git://github.com/opscode-cookbooks/ohai.git
  ref: master
  sha: 631fcc820949f5cbf3db45437fb895e5e1856e97
  specs:
    ohai (1.1.8)

GIT
  remote: git://github.com/opscode-cookbooks/openssh.git
  ref: master
  sha: d186e784da227146ed9996efdcbbadf0d6d97267
  specs:
    openssh (1.1.4)
      iptables (>= 0.0.0)

GIT
  remote: git://github.com/opscode-cookbooks/python.git
  ref: master
  sha: 4afbc5523b0787e08c63d41b2a1a05b0c554bf62
  specs:
    python (1.2.2)
      build-essential (>= 0.0.0)
      yum (>= 0.0.0)

GIT
  remote: git://github.com/opscode-cookbooks/runit.git
  ref: master
  sha: 870de1218fd005fd0008e74ff8376c7ca480c727
  specs:
    runit (1.1.2)
      build-essential (>= 0.0.0)
      yum (>= 0.0.0)

GIT
  remote: git://github.com/opscode-cookbooks/sqlite.git
  ref: master
  sha: 2261eb0138b07627c8b6e121d8d46b58d422af4e
  specs:
    sqlite (1.0.0)

GIT
  remote: git://github.com/opscode-cookbooks/tmux.git
  ref: master
  sha: a75fd534347e7331e8dbc3b708394064bf5865ba
  specs:
    tmux (1.2.2)

GIT
  remote: git://github.com/opscode-cookbooks/vim.git
  ref: master
  sha: 88e8d018267d2cd5cfa3260ce55a0025f52dae6f
  specs:
    vim (1.0.2)

GIT
  remote: git://github.com/opscode-cookbooks/yum.git
  ref: master
  sha: bb1f3d2f189d59adfbaf5215684765b19de5de82
  specs:
    yum (2.2.1)

GIT
  remote: git://github.com/opscode-cookbooks/zsh.git
  ref: master
  sha: b7ce3ce7cea1355e7b917934153dab128c9470db
  specs:
    zsh (1.0.0)

DEPENDENCIES
  build-essential (= 1.3.4)
  chef-client (= 2.2.3)
  git (= 2.3.0)
  htop (= 0.1)
  java (= 1.10.0)
  lvm (= 0.8.6)
  nodejs (= 1.1.2)
  ntp (= 1.3.2)
  ohai (= 1.1.8)
  opensips (= 0.1.1)
  openssh (= 1.1.4)
  python (= 1.2.2)
  redis (= 1.0.4)
  runit (= 1.1.2)
  rvm (= 0.9.1)
  sqlite (= 1.0.0)
  tmux (= 1.2.2)
  vim (= 1.0.2)
  yum (= 2.2.1)
  zsh (= 1.0.0)

