SITE
  remote: http://community.opscode.com/api/v1
  specs:
    apt (1.9.0)
    chef-client (2.2.2)
      cron (>= 0.0.0)
    chef_gem (0.1.0)
    chef_handler (1.1.4)
    cron (1.2.2)
    dmg (1.1.0)
    runit (1.1.2)
      build-essential (>= 0.0.0)
      yum (>= 0.0.0)
    windows (1.8.4)
      chef_handler (>= 0.0.0)

GIT
  remote: git://github.com/cookbooks/htop.git
  ref: master
  sha: 0562626a54bbe4b2fd926521c207a9d22755f0fb
  specs:
    htop (0.1.0)

GIT
  remote: git://github.com/cookbooks/hw-redis.git
  ref: master
  sha: 09d6e89f0f3fab876812aabdf2b8e183a44ee4b3
  specs:
    redis (1.0.4)
      build-essential (>= 0.0.0)
      runit (>= 0.0.0)
      yum (>= 0.0.0)

GIT
  remote: git://github.com/fnichol/chef-rvm.git
  ref: master
  sha: b77f8be6bacf6bc573d2384dca0b4dd88e9aa212
  specs:
    rvm (0.9.1)
      chef_gem (>= 0.0.0)

GIT
  remote: git://github.com/mdxp/nodejs-cookbook.git
  ref: master
  sha: 68a59d8be621611bf3ca1f1a1b81937dbfff4c5d
  specs:
    nodejs (1.1.2)
      apt (>= 0.0.0)
      build-essential (>= 0.0.0)

GIT
  remote: git://github.com/opscode-cookbooks/build-essential.git
  ref: master
  sha: c803d604c061b53895792c67457bc50e023d48c2
  specs:
    build-essential (1.3.4)

GIT
  remote: git://github.com/opscode-cookbooks/git.git
  ref: master
  sha: 638db7f1bf60d36b27dacbe136eadd99111157a5
  specs:
    git (2.3.0)
      build-essential (>= 0.0.0)
      dmg (>= 0.0.0)
      runit (~> 1.0)
      windows (>= 0.0.0)
      yum (>= 0.0.0)

GIT
  remote: git://github.com/opscode-cookbooks/java.git
  ref: master
  sha: c9fe9875b2e4f764847070972b5a2559b1d72cd3
  specs:
    java (1.10.0)
      windows (>= 0.0.0)

GIT
  remote: git://github.com/opscode-cookbooks/lvm.git
  ref: master
  sha: 578020b42f12fc37e8a3cebd0b59f272a907771f
  specs:
    lvm (0.8.6)

GIT
  remote: git://github.com/opscode-cookbooks/ntp.git
  ref: master
  sha: 9b8c32f7187fa54dc190d93db5c3f737055155ba
  specs:
    ntp (1.3.2)

GIT
  remote: git://github.com/opscode-cookbooks/ohai.git
  ref: master
  sha: 631fcc820949f5cbf3db45437fb895e5e1856e97
  specs:
    ohai (1.1.8)

GIT
  remote: git://github.com/opscode-cookbooks/openssh.git
  ref: master
  sha: 66fc774b37682b91bf49872af2d3ce91a35448bf
  specs:
    openssh (1.1.4)

GIT
  remote: git://github.com/opscode-cookbooks/python.git
  ref: master
  sha: 4afbc5523b0787e08c63d41b2a1a05b0c554bf62
  specs:
    python (1.2.2)
      build-essential (>= 0.0.0)
      yum (>= 0.0.0)

GIT
  remote: git://github.com/opscode-cookbooks/tmux.git
  ref: master
  sha: a75fd534347e7331e8dbc3b708394064bf5865ba
  specs:
    tmux (1.2.2)

GIT
  remote: git://github.com/opscode-cookbooks/vim.git
  ref: master
  sha: 88e8d018267d2cd5cfa3260ce55a0025f52dae6f
  specs:
    vim (1.0.2)

GIT
  remote: git://github.com/opscode-cookbooks/yum.git
  ref: master
  sha: bb1f3d2f189d59adfbaf5215684765b19de5de82
  specs:
    yum (2.2.1)

GIT
  remote: git://github.com/opscode-cookbooks/zsh.git
  ref: master
  sha: b7ce3ce7cea1355e7b917934153dab128c9470db
  specs:
    zsh (1.0.0)

DEPENDENCIES
  build-essential (= 1.3.4)
  chef-client (>= 0)
  git (= 2.3.0)
  htop (= 0.1)
  java (= 1.10.0)
  lvm (= 0.8.6)
  nodejs (= 1.1.2)
  ntp (= 1.3.2)
  ohai (= 1.1.8)
  openssh (= 1.1.4)
  python (= 1.2.2)
  redis (= 1.0.4)
  runit (>= 0)
  rvm (= 0.9.1)
  tmux (= 1.2.2)
  vim (= 1.0.2)
  yum (= 2.2.1)
  zsh (= 1.0.0)

